{
  "name": "quibble-example",
  "lockfileVersion": 3,
  "requires": true,
  "packages": {
    "": {
      "name": "quibble-example",
      "devDependencies": {
        "quibble": "file:.."
      }
    },
    "..": {
      "version": "0.10.0",
      "dev": true,
      "license": "MIT",
      "dependencies": {
        "lodash": "^4.18.1",
        "resolve": "^1.22.8"
      },
      "devDependencies": {
        "is-number": "^7.0.0",
        "is-promise": "^4.0.0",
        "standard": "^17.1.0",
        "teenytest": "^6.0.5",
        "teenytest-promise": "^1.0.0"
      },
      "engines": {
        "node": ">= 0.14.0"
      }
    },
    "node_modules/quibble": {
      "resolved": "..",
      "link": true
    }
  }
}
